
Microsoft Visual Studio Solution File, Format Version 12.00
# Visual Studio Version 16
VisualStudioVersion = 16.0.32510.428
MinimumVisualStudioVersion = 10.0.40219.1
Project("{FAE04EC0-301F-11D3-BF4B-00C04F79EFBC}") = "FlowerShop", "FlowerShop\FlowerShop.csproj", "{E4B5035F-F617-49E5-80C5-0ACB10D1830D}"
EndProject
Global
	GlobalSection(SolutionConfigurationPlatforms) = preSolution
		Debug|Any CPU = Debug|Any CPU
		Release|Any CPU = Release|Any CPU
	EndGlobalSection
	GlobalSection(ProjectConfigurationPlatforms) = postSolution
		{E4B5035F-F617-49E5-80C5-0ACB10D1830D}.Debug|Any CPU.ActiveCfg = Debug|Any CPU
		{E4B5035F-F617-49E5-80C5-0ACB10D1830D}.Debug|Any CPU.Build.0 = Debug|Any CPU
		{E4B5035F-F617-49E5-80C5-0ACB10D1830D}.Release|Any CPU.ActiveCfg = Release|Any CPU
		{E4B5035F-F617-49E5-80C5-0ACB10D1830D}.Release|Any CPU.Build.0 = Release|Any CPU
	EndGlobalSection
	GlobalSection(SolutionProperties) = preSolution
		HideSolutionNode = FALSE
	EndGlobalSection
	GlobalSection(ExtensibilityGlobals) = postSolution
		SolutionGuid = {268ACA3D-E576-4992-AE66-2C0216366D35}
	EndGlobalSection
EndGlobal
